
Microsoft Visual Studio Solution File, Format Version 12.00
# Visual Studio Version 17
VisualStudioVersion = 17.3.32922.545
MinimumVisualStudioVersion = 10.0.40219.1
Project("{9A19103F-16F7-4668-BE54-9A1E7A4F7556}") = "sky-api-tutorial-auth-code-c-sharp", "sky-api-tutorial-auth-code-c-sharp.csproj", "{F295E9C8-A2BE-49FE-9537-03A60AF41274}"
EndProject
Global
	GlobalSection(SolutionConfigurationPlatforms) = preSolution
		Debug|Any CPU = Debug|Any CPU
		Release|Any CPU = Release|Any CPU
	EndGlobalSection
	GlobalSection(ProjectConfigurationPlatforms) = postSolution
		{F295E9C8-A2BE-49FE-9537-03A60AF41274}.Debug|Any CPU.ActiveCfg = Debug|Any CPU
		{F295E9C8-A2BE-49FE-9537-03A60AF41274}.Debug|Any CPU.Build.0 = Debug|Any CPU
		{F295E9C8-A2BE-49FE-9537-03A60AF41274}.Release|Any CPU.ActiveCfg = Release|Any CPU
		{F295E9C8-A2BE-49FE-9537-03A60AF41274}.Release|Any CPU.Build.0 = Release|Any CPU
	EndGlobalSection
	GlobalSection(SolutionProperties) = preSolution
		HideSolutionNode = FALSE
	EndGlobalSection
	GlobalSection(ExtensibilityGlobals) = postSolution
		SolutionGuid = {6E6B013F-7BBE-455F-999C-8DE57F86910C}
	EndGlobalSection
EndGlobal
